{
  "meteor": {},
  "dependencies": {
    "basePackages": {
      "iron-router": {},
      "less-bootstrap-3": {},
      "less-fontawesome-4": {},
      "accounts-templates-bootstrap": {
        "git": "https://github.com/splendido/accounts-templates-bootstrap.git",
        "branch": "master"
      },
      "accounts-linkedin": {
        "git": "https://github.com/splendido/meteor-accounts-linkedin.git",
        "branch": "master"
      }
    },
    "packages": {
      "iron-router": {
        "git": "https://github.com/EventedMind/iron-router.git",
        "tag": "v0.7.1",
        "commit": "d1ffb3f06ea4c112132b030f2eb1a70b81675ecb"
      },
      "less-bootstrap-3": {
        "git": "https://github.com/DerMambo/less-bootstrap-3.git",
        "tag": "v0.0.1",
        "commit": "1321ac0ebc809bc354186b96f4c28b7042e38507"
      },
      "less-fontawesome-4": {
        "git": "https://github.com/DerMambo/less-fontawesome-4.git",
        "tag": "v0.0.1",
        "commit": "f40d8d5e0794325aedddd4aeedd1e9cfb47ca133"
      },
      "accounts-templates-bootstrap": {
        "git": "https://github.com/splendido/accounts-templates-bootstrap.git",
        "branch": "master",
        "commit": "e2bf609f7a2a5c5759e3443b2b2e864c5097f5d7"
      },
      "accounts-linkedin": {
        "git": "https://github.com/splendido/meteor-accounts-linkedin.git",
        "branch": "master",
        "commit": "dd134ff90a8f4afd37bdc83f3df00d3ae28669d6"
      },
      "blaze-layout": {
        "git": "https://github.com/EventedMind/blaze-layout.git",
        "tag": "v0.2.4",
        "commit": "b40e9b0612329288d75cf52ad14a7da64bb8618f"
      },
      "accounts-templates-core": {
        "git": "https://github.com/splendido/accounts-templates-core.git",
        "branch": "master",
        "commit": "fb6d816a2e366999ace0de8dc91072c71258c9e2"
      },
      "linkedin": {
        "git": "https://github.com/yefim/meteor-linkedin.git",
        "tag": "v0.0.2",
        "commit": "c3bac682ea0edd19e58b9172e708f91616888ba0"
      },
      "accounts-merge": {
        "git": "https://github.com/splendido/meteor-accounts-merge.git",
        "branch": "master",
        "commit": "1d8d87394b4ee9d5ca2354fdcf08307364137dc9"
      }
    }
  }
}
